<?xml version="1.0" encoding="utf-8"?>
<Project ToolsVersion="4.0" xmlns="http://schemas.microsoft.com/developer/msbuild/2003">
  <ItemGroup>
    <Filter Include="资源文件">
      <UniqueIdentifier>{67DA6AB6-F800-4c08-8B7A-83BB121AAD01}</UniqueIdentifier>
      <Extensions>rc;ico;cur;bmp;dlg;rc2;rct;bin;rgs;gif;jpg;jpeg;jpe;resx;tiff;tif;png;wav;mfcribbon-ms</Extensions>
    </Filter>
    <Filter Include="FrameWork">
      <UniqueIdentifier>{2782af3c-c436-44ac-8fbc-74da1d54a076}</UniqueIdentifier>
    </Filter>
    <Filter Include="Src">
      <UniqueIdentifier>{0484241a-7ebc-4967-a603-361338b02fad}</UniqueIdentifier>
    </Filter>
    <Filter Include="Src\DockView">
      <UniqueIdentifier>{46b58fe6-2454-4f63-bfb7-363b8c311068}</UniqueIdentifier>
    </Filter>
  </ItemGroup>
  <ItemGroup>
    <Text Include="ReadMe.txt" />
  </ItemGroup>
  <ItemGroup>
    <ClInclude Include="MapEffectEdit.h">
      <Filter>FrameWork</Filter>
    </ClInclude>
    <ClInclude Include="stdafx.h">
      <Filter>FrameWork</Filter>
    </ClInclude>
    <ClInclude Include="Resource.h">
      <Filter>Src</Filter>
    </ClInclude>
    <ClInclude Include="targetver.h">
      <Filter>FrameWork</Filter>
    </ClInclude>
    <ClInclude Include="EditApp.h">
      <Filter>FrameWork</Filter>
    </ClInclude>
    <ClInclude Include="EditorFrame.h">
      <Filter>FrameWork</Filter>
    </ClInclude>
    <ClInclude Include="EditorView.h">
      <Filter>FrameWork</Filter>
    </ClInclude>
    <ClInclude Include="NodeAttributeView.h">
      <Filter>Src\DockView</Filter>
    </ClInclude>
    <ClInclude Include="EditClass.h">
      <Filter>FrameWork</Filter>
    </ClInclude>
    <ClInclude Include="SelectHelper.h">
      <Filter>Src</Filter>
    </ClInclude>
    <ClInclude Include="RedoAndUndoMng.h">
      <Filter>Src</Filter>
    </ClInclude>
    <ClInclude Include="Handle.h">
      <Filter>Src</Filter>
    </ClInclude>
  </ItemGroup>
  <ItemGroup>
    <ClCompile Include="MapEffectEdit.cpp">
      <Filter>FrameWork</Filter>
    </ClCompile>
    <ClCompile Include="stdafx.cpp">
      <Filter>FrameWork</Filter>
    </ClCompile>
    <ClCompile Include="EditApp.cpp">
      <Filter>FrameWork</Filter>
    </ClCompile>
    <ClCompile Include="EditorFrame.cpp">
      <Filter>FrameWork</Filter>
    </ClCompile>
    <ClCompile Include="EditorView.cpp">
      <Filter>FrameWork</Filter>
    </ClCompile>
    <ClCompile Include="NodeAttributeView.cpp">
      <Filter>Src\DockView</Filter>
    </ClCompile>
    <ClCompile Include="EditClass.cpp">
      <Filter>FrameWork</Filter>
    </ClCompile>
    <ClCompile Include="SelectHelper.cpp">
      <Filter>Src</Filter>
    </ClCompile>
    <ClCompile Include="RedoAndUndoMng.cpp">
      <Filter>Src</Filter>
    </ClCompile>
    <ClCompile Include="Handle.cpp">
      <Filter>Src</Filter>
    </ClCompile>
  </ItemGroup>
  <ItemGroup>
    <ResourceCompile Include="MapEffectEdit.rc">
      <Filter>资源文件</Filter>
    </ResourceCompile>
  </ItemGroup>
  <ItemGroup>
    <Image Include="small.ico">
      <Filter>资源文件</Filter>
    </Image>
    <Image Include="MapEffectEdit.ico">
      <Filter>资源文件</Filter>
    </Image>
    <Image Include="res\toolbar.bmp">
      <Filter>资源文件</Filter>
    </Image>
    <Image Include="res\SDbottom.bmp">
      <Filter>资源文件</Filter>
    </Image>
    <Image Include="res\SDcenter.bmp">
      <Filter>资源文件</Filter>
    </Image>
    <Image Include="res\SDleft.bmp">
      <Filter>资源文件</Filter>
    </Image>
    <Image Include="res\SDmiddle.bmp">
      <Filter>资源文件</Filter>
    </Image>
    <Image Include="res\SDright.bmp">
      <Filter>资源文件</Filter>
    </Image>
    <Image Include="res\SDtop.bmp">
      <Filter>资源文件</Filter>
    </Image>
    <Image Include="res\icon1.ico">
      <Filter>资源文件</Filter>
    </Image>
  </ItemGroup>
  <ItemGroup>
    <None Include="res\SplitH.cur">
      <Filter>资源文件</Filter>
    </None>
    <None Include="res\SplitV.cur">
      <Filter>资源文件</Filter>
    </None>
  </ItemGroup>
</Project>