<?xml version="1.0" encoding="utf-8"?>
<Project ToolsVersion="4.0" xmlns="http://schemas.microsoft.com/developer/msbuild/2003">
  <ItemGroup>
    <Filter Include="源文件">
      <UniqueIdentifier>{4FC737F1-C7A5-4376-A066-2A32D752A2FF}</UniqueIdentifier>
      <Extensions>cpp;c;cc;cxx;def;odl;idl;hpj;bat;asm;asmx</Extensions>
    </Filter>
    <Filter Include="头文件">
      <UniqueIdentifier>{93995380-89BD-4b04-88EB-625FBE52EBFB}</UniqueIdentifier>
      <Extensions>h;hpp;hxx;hm;inl;inc;xsd</Extensions>
    </Filter>
    <Filter Include="资源文件">
      <UniqueIdentifier>{67DA6AB6-F800-4c08-8B7A-83BB121AAD01}</UniqueIdentifier>
      <Extensions>rc;ico;cur;bmp;dlg;rc2;rct;bin;rgs;gif;jpg;jpeg;jpe;resx;tiff;tif;png;wav;mfcribbon-ms</Extensions>
    </Filter>
    <Filter Include="Logic">
      <UniqueIdentifier>{456fd72d-b483-4257-b0c5-9f0b2fecf2c6}</UniqueIdentifier>
    </Filter>
    <Filter Include="Manager">
      <UniqueIdentifier>{6286c7ed-fa1c-482b-aeae-d1e693da1b9b}</UniqueIdentifier>
    </Filter>
    <Filter Include="Logic\Component">
      <UniqueIdentifier>{2a5487ad-6e24-430a-a405-3df879ec68dd}</UniqueIdentifier>
    </Filter>
  </ItemGroup>
  <ItemGroup>
    <Text Include="ReadMe.txt" />
  </ItemGroup>
  <ItemGroup>
    <ClInclude Include="GameServer.h">
      <Filter>头文件</Filter>
    </ClInclude>
    <ClInclude Include="..\Common\Logic\CSVFileManager.h">
      <Filter>Manager</Filter>
    </ClInclude>
    <ClInclude Include="Logic\ItemManager.h">
      <Filter>Logic</Filter>
    </ClInclude>
    <ClInclude Include="Logic\Map.h">
      <Filter>Logic</Filter>
    </ClInclude>
    <ClInclude Include="Logic\MapManager.h">
      <Filter>Logic</Filter>
    </ClInclude>
    <ClInclude Include="Logic\Monster.h">
      <Filter>Logic</Filter>
    </ClInclude>
    <ClInclude Include="Logic\Player.h">
      <Filter>Logic</Filter>
    </ClInclude>
    <ClInclude Include="Logic\TaskManager.h">
      <Filter>Logic</Filter>
    </ClInclude>
    <ClInclude Include="Logic\BattleManager.h">
      <Filter>Logic</Filter>
    </ClInclude>
    <ClInclude Include="Logic\SocialManager.h">
      <Filter>Logic</Filter>
    </ClInclude>
    <ClInclude Include="Logic\Gang.h">
      <Filter>Logic</Filter>
    </ClInclude>
    <ClInclude Include="Logic\SkillTreeManager.h">
      <Filter>Logic</Filter>
    </ClInclude>
    <ClInclude Include="Logic\CopyManager.h">
      <Filter>Logic</Filter>
    </ClInclude>
    <ClInclude Include="Logic\Team.h">
      <Filter>Logic</Filter>
    </ClInclude>
    <ClInclude Include="Logic\BattleModule.h">
      <Filter>Logic</Filter>
    </ClInclude>
    <ClInclude Include="Logic\Buff.h">
      <Filter>Logic</Filter>
    </ClInclude>
    <ClInclude Include="Logic\Skill.h">
      <Filter>Logic</Filter>
    </ClInclude>
    <ClInclude Include="Logic\Object.h">
      <Filter>Logic</Filter>
    </ClInclude>
    <ClInclude Include="Logic\BattleComponent.h">
      <Filter>Logic\Component</Filter>
    </ClInclude>
    <ClInclude Include="Logic\MoveComponent.h">
      <Filter>Logic\Component</Filter>
    </ClInclude>
    <ClInclude Include="Logic\AIComponent.h">
      <Filter>Logic\Component</Filter>
    </ClInclude>
  </ItemGroup>
  <ItemGroup>
    <ClCompile Include="GameMain.cpp">
      <Filter>源文件</Filter>
    </ClCompile>
    <ClCompile Include="GameServer.cpp">
      <Filter>源文件</Filter>
    </ClCompile>
    <ClCompile Include="..\Common\Logic\CSVFileManager.cpp">
      <Filter>Manager</Filter>
    </ClCompile>
    <ClCompile Include="Logic\ItemManager.cpp">
      <Filter>Logic</Filter>
    </ClCompile>
    <ClCompile Include="Logic\Map.cpp">
      <Filter>Logic</Filter>
    </ClCompile>
    <ClCompile Include="Logic\MapManager.cpp">
      <Filter>Logic</Filter>
    </ClCompile>
    <ClCompile Include="Logic\Monster.cpp">
      <Filter>Logic</Filter>
    </ClCompile>
    <ClCompile Include="Logic\Player.cpp">
      <Filter>Logic</Filter>
    </ClCompile>
    <ClCompile Include="Logic\TaskManager.cpp">
      <Filter>Logic</Filter>
    </ClCompile>
    <ClCompile Include="Logic\BattleManager.cpp">
      <Filter>Logic</Filter>
    </ClCompile>
    <ClCompile Include="Logic\SocialManager.cpp">
      <Filter>Logic</Filter>
    </ClCompile>
    <ClCompile Include="Logic\Gang.cpp">
      <Filter>Logic</Filter>
    </ClCompile>
    <ClCompile Include="Logic\SkillTreeManager.cpp">
      <Filter>Logic</Filter>
    </ClCompile>
    <ClCompile Include="Logic\CopyManager.cpp">
      <Filter>Logic</Filter>
    </ClCompile>
    <ClCompile Include="Logic\Team.cpp">
      <Filter>Logic</Filter>
    </ClCompile>
    <ClCompile Include="Logic\BattleModule.cpp">
      <Filter>Logic</Filter>
    </ClCompile>
    <ClCompile Include="Logic\Buff.cpp">
      <Filter>Logic</Filter>
    </ClCompile>
    <ClCompile Include="Logic\Skill.cpp">
      <Filter>Logic</Filter>
    </ClCompile>
    <ClCompile Include="Logic\Object.cpp">
      <Filter>Logic</Filter>
    </ClCompile>
    <ClCompile Include="Logic\BattleComponent.cpp">
      <Filter>Logic\Component</Filter>
    </ClCompile>
    <ClCompile Include="Logic\MoveComponent.cpp">
      <Filter>Logic\Component</Filter>
    </ClCompile>
    <ClCompile Include="Logic\AIComponent.cpp">
      <Filter>Logic\Component</Filter>
    </ClCompile>
  </ItemGroup>
</Project>